
Microsoft Visual Studio Solution File, Format Version 12.00
# Visual Studio Version 17
VisualStudioVersion = 17.14.36616.10 d17.14
MinimumVisualStudioVersion = 10.0.40219.1
Project("{FAE04EC0-301F-11D3-BF4B-00C04F79EFBC}") = "Ropi", "Ropi\Ropi.csproj", "{EE9686E0-BE63-4C2C-94C5-2473B95FFC90}"
EndProject
Global
	GlobalSection(SolutionConfigurationPlatforms) = preSolution
		Debug|Any CPU = Debug|Any CPU
		Release|Any CPU = Release|Any CPU
	EndGlobalSection
	GlobalSection(ProjectConfigurationPlatforms) = postSolution
		{EE9686E0-BE63-4C2C-94C5-2473B95FFC90}.Debug|Any CPU.ActiveCfg = Debug|Any CPU
		{EE9686E0-BE63-4C2C-94C5-2473B95FFC90}.Debug|Any CPU.Build.0 = Debug|Any CPU
		{EE9686E0-BE63-4C2C-94C5-2473B95FFC90}.Release|Any CPU.ActiveCfg = Release|Any CPU
		{EE9686E0-BE63-4C2C-94C5-2473B95FFC90}.Release|Any CPU.Build.0 = Release|Any CPU
	EndGlobalSection
	GlobalSection(SolutionProperties) = preSolution
		HideSolutionNode = FALSE
	EndGlobalSection
	GlobalSection(ExtensibilityGlobals) = postSolution
		SolutionGuid = {5C9E1674-8B6F-4589-930F-EFF5DEB1BC18}
	EndGlobalSection
EndGlobal
