
Microsoft Visual Studio Solution File, Format Version 12.00
# Visual Studio Version 17
VisualStudioVersion = 17.14.36109.1 d17.14
MinimumVisualStudioVersion = 10.0.40219.1
Project("{FAE04EC0-301F-11D3-BF4B-00C04F79EFBC}") = "Konyvek", "Konyvek\Konyvek.csproj", "{8D5454FE-2A69-4A12-9548-DBA47CC4B206}"
EndProject
Global
	GlobalSection(SolutionConfigurationPlatforms) = preSolution
		Debug|Any CPU = Debug|Any CPU
		Release|Any CPU = Release|Any CPU
	EndGlobalSection
	GlobalSection(ProjectConfigurationPlatforms) = postSolution
		{8D5454FE-2A69-4A12-9548-DBA47CC4B206}.Debug|Any CPU.ActiveCfg = Debug|Any CPU
		{8D5454FE-2A69-4A12-9548-DBA47CC4B206}.Debug|Any CPU.Build.0 = Debug|Any CPU
		{8D5454FE-2A69-4A12-9548-DBA47CC4B206}.Release|Any CPU.ActiveCfg = Release|Any CPU
		{8D5454FE-2A69-4A12-9548-DBA47CC4B206}.Release|Any CPU.Build.0 = Release|Any CPU
	EndGlobalSection
	GlobalSection(SolutionProperties) = preSolution
		HideSolutionNode = FALSE
	EndGlobalSection
	GlobalSection(ExtensibilityGlobals) = postSolution
		SolutionGuid = {B14F9C61-EB83-4080-AEF8-DAC0A99B9EB0}
	EndGlobalSection
EndGlobal
